{
  "name": "e20-co200-Erasmus-plus-Project-Web-and-MIS",
  "lockfileVersion": 3,
  "requires": true,
  "packages": {
    "": {
      "dependencies": {
        "@syncfusion/ej2-react-gantt": "^26.2.14"
      }
    },
    "node_modules/@syncfusion/ej2-base": {
      "version": "26.2.10",
      "resolved": "https://registry.npmjs.org/@syncfusion/ej2-base/-/ej2-base-26.2.10.tgz",
      "integrity": "sha512-i7TCvXGNsHmCoLA9AlHn3dIAyH8Bce6KCZUGshJS0EKu623SkVKjvWVWtgfar75/8SbTGWZQlGqEW5egYm3uTA==",
      "dependencies": {
        "@syncfusion/ej2-icons": "~26.2.10"
      },
      "bin": {
        "syncfusion-license": "bin/syncfusion-license.js"
      }
    },
    "node_modules/@syncfusion/ej2-buttons": {
      "version": "26.2.10",
      "resolved": "https://registry.npmjs.org/@syncfusion/ej2-buttons/-/ej2-buttons-26.2.10.tgz",
      "integrity": "sha512-WcErxTAI9r5PQQSOQNSWsaKfzYdSww+YeQaT4SO1xItMPDAEhWSqscnTMk46vDg6w5vRbAbB1US+3BAXJtOS1w==",
      "dependencies": {
        "@syncfusion/ej2-base": "~26.2.10"
      }
    },
    "node_modules/@syncfusion/ej2-calendars": {
      "version": "26.2.12",
      "resolved": "https://registry.npmjs.org/@syncfusion/ej2-calendars/-/ej2-calendars-26.2.12.tgz",
      "integrity": "sha512-6sAauvGexP2Wg7FodNi6ewna1JRyKS7VuKfPYh5Q6i3xrq0AvgxiZk7xaL3oq+U3t59w/de/S+eq4cpQSpI93Q==",
      "dependencies": {
        "@syncfusion/ej2-base": "~26.2.10",
        "@syncfusion/ej2-buttons": "~26.2.10",
        "@syncfusion/ej2-inputs": "~26.2.11",
        "@syncfusion/ej2-lists": "~26.2.11",
        "@syncfusion/ej2-popups": "~26.2.11"
      }
    },
    "node_modules/@syncfusion/ej2-compression": {
      "version": "26.2.10",
      "resolved": "https://registry.npmjs.org/@syncfusion/ej2-compression/-/ej2-compression-26.2.10.tgz",
      "integrity": "sha512-cCcABW1SUG+O8lGKzAj3zi7yLguslFVxEFSfMk9GWajC9SNgzICiKo7HR8Sz3HG9M4tmrH5aNKqM2mbYG6Lr0Q==",
      "dependencies": {
        "@syncfusion/ej2-file-utils": "~26.2.10"
      }
    },
    "node_modules/@syncfusion/ej2-data": {
      "version": "26.2.14",
      "resolved": "https://registry.npmjs.org/@syncfusion/ej2-data/-/ej2-data-26.2.14.tgz",
      "integrity": "sha512-KJ5JsRwBbKjNLkFvkLgUz5SkC4zTJxS40mmBdWJTTROopKYjcHAe9HJxQJmJUOy/gxqfx5iPINVJaArqdtpPeQ==",
      "dependencies": {
        "@syncfusion/ej2-base": "~26.2.10"
      }
    },
    "node_modules/@syncfusion/ej2-dropdowns": {
      "version": "26.2.13",
      "resolved": "https://registry.npmjs.org/@syncfusion/ej2-dropdowns/-/ej2-dropdowns-26.2.13.tgz",
      "integrity": "sha512-aRQyN5unJz2bnXL90zuE23rG5l8Q4y24ymigL33chsa+bWQw7Fx8MCHXqNostzo2A4qtsL6FLT7MoCOnGYpmkg==",
      "dependencies": {
        "@syncfusion/ej2-base": "~26.2.10",
        "@syncfusion/ej2-data": "~26.2.10",
        "@syncfusion/ej2-inputs": "~26.2.13",
        "@syncfusion/ej2-lists": "~26.2.11",
        "@syncfusion/ej2-navigations": "~26.2.12",
        "@syncfusion/ej2-notifications": "~26.2.10",
        "@syncfusion/ej2-popups": "~26.2.11"
      }
    },
    "node_modules/@syncfusion/ej2-excel-export": {
      "version": "26.2.11",
      "resolved": "https://registry.npmjs.org/@syncfusion/ej2-excel-export/-/ej2-excel-export-26.2.11.tgz",
      "integrity": "sha512-R0Q3QXXEDvdRrWrQIIxuGcJJCLPqrJpSlvGIw9SNmaB4FCOxDhgqHjrzorAremGw4e4Ke9lq0S5MZhaPU9Tebg==",
      "dependencies": {
        "@syncfusion/ej2-base": "~26.2.10",
        "@syncfusion/ej2-compression": "~26.2.10"
      }
    },
    "node_modules/@syncfusion/ej2-file-utils": {
      "version": "26.2.10",
      "resolved": "https://registry.npmjs.org/@syncfusion/ej2-file-utils/-/ej2-file-utils-26.2.10.tgz",
      "integrity": "sha512-sHWGPT6PrZcNKqNl27tfntEMjL6Ctr2dbTtsacTnlf68tM1dGyYSdKuGtE/Rhn866oCCCKyRvTmItEeh6MINOw=="
    },
    "node_modules/@syncfusion/ej2-filemanager": {
      "version": "26.2.11",
      "resolved": "https://registry.npmjs.org/@syncfusion/ej2-filemanager/-/ej2-filemanager-26.2.11.tgz",
      "integrity": "sha512-4BKsd9pXdQfuZieCjhTqoclvJkbw2gUex158pA680Bh27+PFjLYTAyskj4CkD9ZAXhR6j66ML5U3WXMpILdwPg==",
      "dependencies": {
        "@syncfusion/ej2-base": "~26.2.10",
        "@syncfusion/ej2-buttons": "~26.2.10",
        "@syncfusion/ej2-data": "~26.2.10",
        "@syncfusion/ej2-grids": "~26.2.11",
        "@syncfusion/ej2-inputs": "~26.2.11",
        "@syncfusion/ej2-layouts": "~26.2.10",
        "@syncfusion/ej2-lists": "~26.2.11",
        "@syncfusion/ej2-navigations": "~26.2.11",
        "@syncfusion/ej2-popups": "~26.2.11",
        "@syncfusion/ej2-splitbuttons": "~26.2.10"
      }
    },
    "node_modules/@syncfusion/ej2-gantt": {
      "version": "26.2.14",
      "resolved": "https://registry.npmjs.org/@syncfusion/ej2-gantt/-/ej2-gantt-26.2.14.tgz",
      "integrity": "sha512-qT8gKxcuhp+isp3WexjmLS7s3tDTBmdurrO1SQ13o7RlOozjQUKkxkpSWh2VoDY8w8sZCruRSK9YovnXYQQBaQ==",
      "dependencies": {
        "@syncfusion/ej2-base": "~26.2.10",
        "@syncfusion/ej2-buttons": "~26.2.10",
        "@syncfusion/ej2-calendars": "~26.2.12",
        "@syncfusion/ej2-data": "~26.2.14",
        "@syncfusion/ej2-dropdowns": "~26.2.13",
        "@syncfusion/ej2-grids": "~26.2.14",
        "@syncfusion/ej2-inputs": "~26.2.14",
        "@syncfusion/ej2-layouts": "~26.2.10",
        "@syncfusion/ej2-lists": "~26.2.14",
        "@syncfusion/ej2-navigations": "~26.2.12",
        "@syncfusion/ej2-notifications": "~26.2.10",
        "@syncfusion/ej2-popups": "~26.2.11",
        "@syncfusion/ej2-richtexteditor": "~26.2.14",
        "@syncfusion/ej2-svg-base": "~26.2.10",
        "@syncfusion/ej2-treegrid": "~26.2.14"
      }
    },
    "node_modules/@syncfusion/ej2-grids": {
      "version": "26.2.14",
      "resolved": "https://registry.npmjs.org/@syncfusion/ej2-grids/-/ej2-grids-26.2.14.tgz",
      "integrity": "sha512-2dmXpp3z2dFMKKy6aCyXmtGpBHA2vRH8ygd0aRm+YwVX1H3HLeHHhkODyCDDzUpN2TX9Pt0/0qzX1tP3Crnnwg==",
      "dependencies": {
        "@syncfusion/ej2-base": "~26.2.10",
        "@syncfusion/ej2-buttons": "~26.2.10",
        "@syncfusion/ej2-calendars": "~26.2.12",
        "@syncfusion/ej2-compression": "~26.2.10",
        "@syncfusion/ej2-data": "~26.2.14",
        "@syncfusion/ej2-dropdowns": "~26.2.13",
        "@syncfusion/ej2-excel-export": "~26.2.11",
        "@syncfusion/ej2-file-utils": "~26.2.10",
        "@syncfusion/ej2-inputs": "~26.2.14",
        "@syncfusion/ej2-lists": "~26.2.14",
        "@syncfusion/ej2-navigations": "~26.2.12",
        "@syncfusion/ej2-notifications": "~26.2.10",
        "@syncfusion/ej2-pdf-export": "~26.2.14",
        "@syncfusion/ej2-popups": "~26.2.11",
        "@syncfusion/ej2-splitbuttons": "~26.2.10"
      }
    },
    "node_modules/@syncfusion/ej2-icons": {
      "version": "26.2.10",
      "resolved": "https://registry.npmjs.org/@syncfusion/ej2-icons/-/ej2-icons-26.2.10.tgz",
      "integrity": "sha512-ay+kr1oVqBOCe9MwJ0vjXS85CDAA5XwtwKb/Gf8cdz79IpsX/1VOvqOBofYu1+OPfbMX9w9mCLciNCMPCaRZFA=="
    },
    "node_modules/@syncfusion/ej2-inputs": {
      "version": "26.2.14",
      "resolved": "https://registry.npmjs.org/@syncfusion/ej2-inputs/-/ej2-inputs-26.2.14.tgz",
      "integrity": "sha512-Lo8pqhhhCT30PVzj+gX6idPySSq4R0Sh36vnMZ7ubxf46rbg0Bw7Ftov8mPP9lLQSql+ixLYTjVpTEP1b9UIuA==",
      "dependencies": {
        "@syncfusion/ej2-base": "~26.2.10",
        "@syncfusion/ej2-buttons": "~26.2.10",
        "@syncfusion/ej2-popups": "~26.2.11",
        "@syncfusion/ej2-splitbuttons": "~26.2.10"
      }
    },
    "node_modules/@syncfusion/ej2-layouts": {
      "version": "26.2.10",
      "resolved": "https://registry.npmjs.org/@syncfusion/ej2-layouts/-/ej2-layouts-26.2.10.tgz",
      "integrity": "sha512-th8PkTAvfsgPsMFLfukE15opWS4Bwfpv4bkPFnaqmuqDKG22qxAHlDKjcH0waXAvL0g6siN+VRMfbqba8VlQxA==",
      "dependencies": {
        "@syncfusion/ej2-base": "~26.2.10"
      }
    },
    "node_modules/@syncfusion/ej2-lists": {
      "version": "26.2.14",
      "resolved": "https://registry.npmjs.org/@syncfusion/ej2-lists/-/ej2-lists-26.2.14.tgz",
      "integrity": "sha512-8tQdVIzbHYcCjxYns57etpoJvTTp3lMY2bExbD4agZij1mdgGv/PMdp29RepcnSZMw6FsX6Eqp2hriXzrwL6Lg==",
      "dependencies": {
        "@syncfusion/ej2-base": "~26.2.10",
        "@syncfusion/ej2-buttons": "~26.2.10",
        "@syncfusion/ej2-data": "~26.2.14",
        "@syncfusion/ej2-popups": "~26.2.11"
      }
    },
    "node_modules/@syncfusion/ej2-navigations": {
      "version": "26.2.12",
      "resolved": "https://registry.npmjs.org/@syncfusion/ej2-navigations/-/ej2-navigations-26.2.12.tgz",
      "integrity": "sha512-SAFkU75y/SZTSsrE+NyWX/+1HqyYr2sqARFAqXKu87mfYDsxVjsroSXQuDEbwRRujCr3reR0znEkW/zQ+RM5mA==",
      "dependencies": {
        "@syncfusion/ej2-base": "~26.2.10",
        "@syncfusion/ej2-buttons": "~26.2.10",
        "@syncfusion/ej2-data": "~26.2.10",
        "@syncfusion/ej2-inputs": "~26.2.11",
        "@syncfusion/ej2-lists": "~26.2.11",
        "@syncfusion/ej2-popups": "~26.2.11"
      }
    },
    "node_modules/@syncfusion/ej2-notifications": {
      "version": "26.2.10",
      "resolved": "https://registry.npmjs.org/@syncfusion/ej2-notifications/-/ej2-notifications-26.2.10.tgz",
      "integrity": "sha512-TXpsKfTK7lERvvFNOcEB7n7veNLIEUMM9SY1Ihk06fl+YJa4YGL6aSVUvQJilE8PJyFeu4MpPN6bmVvEM01NCw==",
      "dependencies": {
        "@syncfusion/ej2-base": "~26.2.10",
        "@syncfusion/ej2-buttons": "~26.2.10",
        "@syncfusion/ej2-popups": "~26.2.10"
      }
    },
    "node_modules/@syncfusion/ej2-pdf-export": {
      "version": "26.2.14",
      "resolved": "https://registry.npmjs.org/@syncfusion/ej2-pdf-export/-/ej2-pdf-export-26.2.14.tgz",
      "integrity": "sha512-sO2F2jUgmm8uNx1dAyFp+cz00UAU7mMM5p1ulQi8K2Km+mN90A9eZNcKzCBABX21anJqaXOgaicZHhOrqP2BTg==",
      "dependencies": {
        "@syncfusion/ej2-compression": "~26.2.10"
      }
    },
    "node_modules/@syncfusion/ej2-popups": {
      "version": "26.2.11",
      "resolved": "https://registry.npmjs.org/@syncfusion/ej2-popups/-/ej2-popups-26.2.11.tgz",
      "integrity": "sha512-JMIj3JLSgc6pjN3gAydCruD+DXyH565g5R+5jHsI78BfeDu+/uTdunm7May5zMgr2AmFAKOE6VdQhjEyr3/DJg==",
      "dependencies": {
        "@syncfusion/ej2-base": "~26.2.10",
        "@syncfusion/ej2-buttons": "~26.2.10"
      }
    },
    "node_modules/@syncfusion/ej2-react-base": {
      "version": "26.2.10",
      "resolved": "https://registry.npmjs.org/@syncfusion/ej2-react-base/-/ej2-react-base-26.2.10.tgz",
      "integrity": "sha512-h7N14nvada2JFvHYffsapq2ZeFrQEPn0wO79uLsp8aGknNynBgyYqFjQQrMntYzz7qj1OMqb675nvJamTkCgRQ==",
      "dependencies": {
        "@syncfusion/ej2-base": "~26.2.10"
      }
    },
    "node_modules/@syncfusion/ej2-react-gantt": {
      "version": "26.2.14",
      "resolved": "https://registry.npmjs.org/@syncfusion/ej2-react-gantt/-/ej2-react-gantt-26.2.14.tgz",
      "integrity": "sha512-kR7CcAfLHnxJ4GzAKYLzn3pykHho4uJhKwLmEds4d0uBxuesTyFrPFMrLYu0Zg+YnaQT4OhTosUCd2mUP6FSGQ==",
      "dependencies": {
        "@syncfusion/ej2-base": "~26.2.10",
        "@syncfusion/ej2-gantt": "26.2.14",
        "@syncfusion/ej2-react-base": "~26.2.10"
      }
    },
    "node_modules/@syncfusion/ej2-richtexteditor": {
      "version": "26.2.14",
      "resolved": "https://registry.npmjs.org/@syncfusion/ej2-richtexteditor/-/ej2-richtexteditor-26.2.14.tgz",
      "integrity": "sha512-FLOn1hY4l9u2fqmKYMA0OMYSwlHrJPWPZZTU+VSotb3yTOC/K2PLnX6gxUENRB3LsEd0qr/SGta2Y42XKlppkQ==",
      "dependencies": {
        "@syncfusion/ej2-base": "~26.2.10",
        "@syncfusion/ej2-buttons": "~26.2.10",
        "@syncfusion/ej2-filemanager": "~26.2.11",
        "@syncfusion/ej2-inputs": "~26.2.14",
        "@syncfusion/ej2-navigations": "~26.2.12",
        "@syncfusion/ej2-popups": "~26.2.11",
        "@syncfusion/ej2-splitbuttons": "~26.2.10"
      }
    },
    "node_modules/@syncfusion/ej2-splitbuttons": {
      "version": "26.2.10",
      "resolved": "https://registry.npmjs.org/@syncfusion/ej2-splitbuttons/-/ej2-splitbuttons-26.2.10.tgz",
      "integrity": "sha512-uvGS9e4K0qcVxhzFBP9VheWrAgOFciSLyHo1qcxgxAyOhuqVhBeBZgmjBiFXXwJHiSW9FM37FQVV0iD0LcVEnw==",
      "dependencies": {
        "@syncfusion/ej2-base": "~26.2.10",
        "@syncfusion/ej2-popups": "~26.2.10"
      }
    },
    "node_modules/@syncfusion/ej2-svg-base": {
      "version": "26.2.10",
      "resolved": "https://registry.npmjs.org/@syncfusion/ej2-svg-base/-/ej2-svg-base-26.2.10.tgz",
      "integrity": "sha512-BbUzgsRKFzq/UagxMapGfarKpymeSdOOAPBtPDv0IqQ0sf5BmZGy41bQ+1TqABC2zVXqxvSDqai8OedWrhb5/w==",
      "dependencies": {
        "@syncfusion/ej2-base": "~26.2.10"
      }
    },
    "node_modules/@syncfusion/ej2-treegrid": {
      "version": "26.2.14",
      "resolved": "https://registry.npmjs.org/@syncfusion/ej2-treegrid/-/ej2-treegrid-26.2.14.tgz",
      "integrity": "sha512-A51LqDApufQKb1wmjGup8JQkUKBAQyC8+GamfkAmZoMqWqG+PWucNgOqLQHeWoclUCuZPOYn+0L2HA8xwmECvw==",
      "dependencies": {
        "@syncfusion/ej2-base": "~26.2.10",
        "@syncfusion/ej2-data": "~26.2.14",
        "@syncfusion/ej2-grids": "~26.2.14",
        "@syncfusion/ej2-popups": "~26.2.11"
      }
    }
  }
}
